
Microsoft Visual Studio Solution File, Format Version 12.00
# Visual Studio Version 17
VisualStudioVersion = 17.5.33424.131
MinimumVisualStudioVersion = 10.0.40219.1
Project("{FAE04EC0-301F-11D3-BF4B-00C04F79EFBC}") = "RedMango_API", "RedMango_API\RedMango_API.csproj", "{0E9EF860-F619-4064-B319-4E7AA5235FC8}"
EndProject
Project("{FAE04EC0-301F-11D3-BF4B-00C04F79EFBC}") = "RedMango_DataLayer", "RedMango_DataLayer\RedMango_DataLayer.csproj", "{54B6C2BB-0ADE-4CC2-A077-721535796019}"
EndProject
Project("{FAE04EC0-301F-11D3-BF4B-00C04F79EFBC}") = "RedMango_Business", "RedMango_Business\RedMango_Business.csproj", "{3844049B-64FC-4575-910B-FB78878966F8}"
EndProject
Global
	GlobalSection(SolutionConfigurationPlatforms) = preSolution
		Debug|Any CPU = Debug|Any CPU
		Release|Any CPU = Release|Any CPU
	EndGlobalSection
	GlobalSection(ProjectConfigurationPlatforms) = postSolution
		{0E9EF860-F619-4064-B319-4E7AA5235FC8}.Debug|Any CPU.ActiveCfg = Debug|Any CPU
		{0E9EF860-F619-4064-B319-4E7AA5235FC8}.Debug|Any CPU.Build.0 = Debug|Any CPU
		{0E9EF860-F619-4064-B319-4E7AA5235FC8}.Release|Any CPU.ActiveCfg = Release|Any CPU
		{0E9EF860-F619-4064-B319-4E7AA5235FC8}.Release|Any CPU.Build.0 = Release|Any CPU
		{54B6C2BB-0ADE-4CC2-A077-721535796019}.Debug|Any CPU.ActiveCfg = Debug|Any CPU
		{54B6C2BB-0ADE-4CC2-A077-721535796019}.Debug|Any CPU.Build.0 = Debug|Any CPU
		{54B6C2BB-0ADE-4CC2-A077-721535796019}.Release|Any CPU.ActiveCfg = Release|Any CPU
		{54B6C2BB-0ADE-4CC2-A077-721535796019}.Release|Any CPU.Build.0 = Release|Any CPU
		{3844049B-64FC-4575-910B-FB78878966F8}.Debug|Any CPU.ActiveCfg = Debug|Any CPU
		{3844049B-64FC-4575-910B-FB78878966F8}.Debug|Any CPU.Build.0 = Debug|Any CPU
		{3844049B-64FC-4575-910B-FB78878966F8}.Release|Any CPU.ActiveCfg = Release|Any CPU
		{3844049B-64FC-4575-910B-FB78878966F8}.Release|Any CPU.Build.0 = Release|Any CPU
	EndGlobalSection
	GlobalSection(SolutionProperties) = preSolution
		HideSolutionNode = FALSE
	EndGlobalSection
	GlobalSection(ExtensibilityGlobals) = postSolution
		SolutionGuid = {8F17583A-BA42-40E8-B7B6-19FD418A9188}
	EndGlobalSection
EndGlobal
